
Microsoft Visual Studio Solution File, Format Version 11.00
# Visual Studio 2010
Project("{8BC9CEB8-8B4A-11D0-8D11-00A0C91BC942}") = "Spelprojekt", "Spelprojekt\Spelprojekt.vcxproj", "{2889F590-2BD2-4180-BBD3-0693D73A2279}"
EndProject
Global
	GlobalSection(SolutionConfigurationPlatforms) = preSolution
		Debug|Win32 = Debug|Win32
		Release|Win32 = Release|Win32
	EndGlobalSection
	GlobalSection(ProjectConfigurationPlatforms) = postSolution
		{2889F590-2BD2-4180-BBD3-0693D73A2279}.Debug|Win32.ActiveCfg = Debug|Win32
		{2889F590-2BD2-4180-BBD3-0693D73A2279}.Debug|Win32.Build.0 = Debug|Win32
		{2889F590-2BD2-4180-BBD3-0693D73A2279}.Release|Win32.ActiveCfg = Release|Win32
		{2889F590-2BD2-4180-BBD3-0693D73A2279}.Release|Win32.Build.0 = Release|Win32
	EndGlobalSection
	GlobalSection(SolutionProperties) = preSolution
		HideSolutionNode = FALSE
	EndGlobalSection
EndGlobal
