<?xml version="1.0" encoding="utf-8"?>
<Project ToolsVersion="4.0" xmlns="http://schemas.microsoft.com/developer/msbuild/2003">
  <ItemGroup>
    <Filter Include="Source Files">
      <UniqueIdentifier>{4FC737F1-C7A5-4376-A066-2A32D752A2FF}</UniqueIdentifier>
      <Extensions>cpp;c;cc;cxx;def;odl;idl;hpj;bat;asm;asmx</Extensions>
    </Filter>
    <Filter Include="Header Files">
      <UniqueIdentifier>{93995380-89BD-4b04-88EB-625FBE52EBFB}</UniqueIdentifier>
      <Extensions>h;hpp;hxx;hm;inl;inc;xsd</Extensions>
    </Filter>
    <Filter Include="Header Files\Managers">
      <UniqueIdentifier>{17644b6d-4d1f-4c3c-b03e-62afe50a5032}</UniqueIdentifier>
    </Filter>
    <Filter Include="Header Files\States">
      <UniqueIdentifier>{8f04e3c9-2f69-4cf9-b0b9-e51e1b1ae795}</UniqueIdentifier>
    </Filter>
    <Filter Include="Header Files\Entities">
      <UniqueIdentifier>{3d7c2d89-e0d7-44de-885c-d4123d8e1a7f}</UniqueIdentifier>
    </Filter>
    <Filter Include="Header Files\Layer">
      <UniqueIdentifier>{f0068f73-2591-436e-ac37-a9d1f98ae55b}</UniqueIdentifier>
    </Filter>
    <Filter Include="Source Files\States">
      <UniqueIdentifier>{c4499d20-15cf-42cc-87d6-b61205baf986}</UniqueIdentifier>
    </Filter>
    <Filter Include="Source Files\Managers">
      <UniqueIdentifier>{72dab267-edc2-4c9a-aee7-ddf7acc5aa4b}</UniqueIdentifier>
    </Filter>
    <Filter Include="Source Files\Layer">
      <UniqueIdentifier>{06f65eac-bc41-46d8-a2ee-a9cf2440b9de}</UniqueIdentifier>
    </Filter>
    <Filter Include="Source Files\Entities">
      <UniqueIdentifier>{15593085-5be0-49c7-b7d3-f63726f13a6e}</UniqueIdentifier>
    </Filter>
    <Filter Include="Header Files\Events">
      <UniqueIdentifier>{308d09ee-f3e3-45ab-8dbf-8fe383b84948}</UniqueIdentifier>
    </Filter>
    <Filter Include="Header Files\Abilites">
      <UniqueIdentifier>{5ebb48c8-0766-4b91-b931-df06e96d5f41}</UniqueIdentifier>
    </Filter>
    <Filter Include="Source Files\Abilities">
      <UniqueIdentifier>{ea9f475d-24c1-40ea-9a8c-3ca85de5c18a}</UniqueIdentifier>
    </Filter>
    <Filter Include="Source Files\Particles">
      <UniqueIdentifier>{94ddac5c-0a44-48f4-a479-d60ae0c7d4b2}</UniqueIdentifier>
    </Filter>
    <Filter Include="Header Files\Particles">
      <UniqueIdentifier>{428a39de-1ffc-4ff9-9281-e4067e357097}</UniqueIdentifier>
    </Filter>
    <Filter Include="Source Files\Interface">
      <UniqueIdentifier>{8e0d6de7-1681-4801-bb2d-4e862c808a12}</UniqueIdentifier>
    </Filter>
    <Filter Include="Source Files\Misc">
      <UniqueIdentifier>{6de95e59-6472-4243-85a2-a754ae4b24d8}</UniqueIdentifier>
    </Filter>
    <Filter Include="Source Files\TinyXML2">
      <UniqueIdentifier>{f002b672-bbb7-499e-90dd-fcc6b9991d48}</UniqueIdentifier>
    </Filter>
    <Filter Include="Header Files\Misc">
      <UniqueIdentifier>{e2bb77be-241c-4b41-a537-be5afe11facf}</UniqueIdentifier>
    </Filter>
    <Filter Include="Header Files\Interface">
      <UniqueIdentifier>{d740a385-cff0-4e65-8032-96985bec2256}</UniqueIdentifier>
    </Filter>
    <Filter Include="Header Files\TinyXML2">
      <UniqueIdentifier>{2bab1d3b-fe0e-4199-abd5-b1327aaef26c}</UniqueIdentifier>
    </Filter>
  </ItemGroup>
  <ItemGroup>
    <ClCompile Include="ActiveLayer.cpp">
      <Filter>Source Files\Layer</Filter>
    </ClCompile>
    <ClCompile Include="LayerManager.cpp">
      <Filter>Source Files\Managers</Filter>
    </ClCompile>
    <ClCompile Include="LevelManager.cpp">
      <Filter>Source Files\Managers</Filter>
    </ClCompile>
    <ClCompile Include="EventManager.cpp">
      <Filter>Source Files\Managers</Filter>
    </ClCompile>
    <ClCompile Include="ResourceManager.cpp">
      <Filter>Source Files\Managers</Filter>
    </ClCompile>
    <ClCompile Include="StateManager.cpp">
      <Filter>Source Files\Managers</Filter>
    </ClCompile>
    <ClCompile Include="WindowManager.cpp">
      <Filter>Source Files\Managers</Filter>
    </ClCompile>
    <ClCompile Include="Animal.cpp">
      <Filter>Source Files\Entities</Filter>
    </ClCompile>
    <ClCompile Include="StartMeny.cpp">
      <Filter>Source Files\States</Filter>
    </ClCompile>
    <ClCompile Include="Gameplay.cpp">
      <Filter>Source Files\States</Filter>
    </ClCompile>
    <ClCompile Include="StaticLayer.cpp">
      <Filter>Source Files\Layer</Filter>
    </ClCompile>
    <ClCompile Include="Obstacle.cpp">
      <Filter>Source Files\Entities</Filter>
    </ClCompile>
    <ClCompile Include="WorldMap.cpp">
      <Filter>Source Files\States</Filter>
    </ClCompile>
    <ClCompile Include="OptionsMeny.cpp">
      <Filter>Source Files\States</Filter>
    </ClCompile>
    <ClCompile Include="Fire.cpp">
      <Filter>Source Files\Entities</Filter>
    </ClCompile>
    <ClCompile Include="PauseMeny.cpp">
      <Filter>Source Files\States</Filter>
    </ClCompile>
    <ClCompile Include="InnerBeastButton.cpp">
      <Filter>Source Files\Abilities</Filter>
    </ClCompile>
    <ClCompile Include="RemoveObstacleButton.cpp">
      <Filter>Source Files\Abilities</Filter>
    </ClCompile>
    <ClCompile Include="TacticalVisionButton.cpp">
      <Filter>Source Files\Abilities</Filter>
    </ClCompile>
    <ClCompile Include="LevelFinished.cpp">
      <Filter>Source Files\States</Filter>
    </ClCompile>
    <ClCompile Include="ParticleSystem.cpp">
      <Filter>Source Files\Particles</Filter>
    </ClCompile>
    <ClCompile Include="ParticlePrototype.cpp">
      <Filter>Source Files\Particles</Filter>
    </ClCompile>
    <ClCompile Include="ParticleManager.cpp">
      <Filter>Source Files\Particles</Filter>
    </ClCompile>
    <ClCompile Include="Particle.cpp">
      <Filter>Source Files\Particles</Filter>
    </ClCompile>
    <ClCompile Include="Emitter.cpp">
      <Filter>Source Files\Particles</Filter>
    </ClCompile>
    <ClCompile Include="TacticalVision.cpp">
      <Filter>Source Files\States</Filter>
    </ClCompile>
    <ClCompile Include="TacticalVisionCamera.cpp">
      <Filter>Source Files\Abilities</Filter>
    </ClCompile>
    <ClCompile Include="Gameover.cpp">
      <Filter>Source Files\States</Filter>
    </ClCompile>
    <ClCompile Include="InnerBeastArrow.cpp">
      <Filter>Source Files\Abilities</Filter>
    </ClCompile>
    <ClCompile Include="SoundManager.cpp">
      <Filter>Source Files\Managers</Filter>
    </ClCompile>
    <ClCompile Include="Taktikmeny.cpp">
      <Filter>Source Files\States</Filter>
    </ClCompile>
    <ClCompile Include="Button.cpp">
      <Filter>Source Files\Interface</Filter>
    </ClCompile>
    <ClCompile Include="Spot.cpp">
      <Filter>Source Files\Interface</Filter>
    </ClCompile>
    <ClCompile Include="Gui.cpp">
      <Filter>Source Files\Interface</Filter>
    </ClCompile>
    <ClCompile Include="LevelButton.cpp">
      <Filter>Source Files\Interface</Filter>
    </ClCompile>
    <ClCompile Include="AnimalPrototype.cpp">
      <Filter>Source Files\Interface</Filter>
    </ClCompile>
    <ClCompile Include="Animation.cpp">
      <Filter>Source Files\Misc</Filter>
    </ClCompile>
    <ClCompile Include="Camera.cpp">
      <Filter>Source Files\Misc</Filter>
    </ClCompile>
    <ClCompile Include="Game.cpp">
      <Filter>Source Files\Misc</Filter>
    </ClCompile>
    <ClCompile Include="main.cpp">
      <Filter>Source Files\Misc</Filter>
    </ClCompile>
    <ClCompile Include="MusicLoop.cpp">
      <Filter>Source Files\Misc</Filter>
    </ClCompile>
    <ClCompile Include="ScrollDetector.cpp">
      <Filter>Source Files\Misc</Filter>
    </ClCompile>
    <ClCompile Include="tinyxml2.cpp">
      <Filter>Source Files\TinyXML2</Filter>
    </ClCompile>
    <ClCompile Include="TacticMenuButton.cpp">
      <Filter>Source Files\Interface</Filter>
    </ClCompile>
    <ClCompile Include="Animalipedia.cpp">
      <Filter>Source Files\States</Filter>
    </ClCompile>
    <ClCompile Include="AnimalipediaButton.cpp">
      <Filter>Source Files\Interface</Filter>
    </ClCompile>
    <ClCompile Include="Info.cpp">
      <Filter>Source Files\Interface</Filter>
    </ClCompile>
    <ClCompile Include="PageButton.cpp">
      <Filter>Source Files\Interface</Filter>
    </ClCompile>
    <ClCompile Include="Countdown.cpp">
      <Filter>Source Files\States</Filter>
    </ClCompile>
    <ClCompile Include="FakeAbilityButton.cpp">
      <Filter>Source Files\Interface</Filter>
    </ClCompile>
    <ClCompile Include="Checkbox.cpp">
      <Filter>Source Files\Interface</Filter>
    </ClCompile>
    <ClCompile Include="ApplyOptionsButton.cpp">
      <Filter>Source Files\Interface</Filter>
    </ClCompile>
    <ClCompile Include="Cutscene.cpp">
      <Filter>Source Files\States</Filter>
    </ClCompile>
    <ClCompile Include="Scene.cpp">
      <Filter>Source Files\Misc</Filter>
    </ClCompile>
    <ClCompile Include="LevelTutorial.cpp">
      <Filter>Source Files\States</Filter>
    </ClCompile>
    <ClCompile Include="WorldMapTutorial.cpp">
      <Filter>Source Files\States</Filter>
    </ClCompile>
    <ClCompile Include="OptionSlider.cpp">
      <Filter>Source Files\Interface</Filter>
    </ClCompile>
    <ClCompile Include="GlobalButtonTimer.cpp">
      <Filter>Source Files\Misc</Filter>
    </ClCompile>
    <ClCompile Include="FontMaster.cpp">
      <Filter>Source Files\Managers</Filter>
    </ClCompile>
    <ClCompile Include="AchievementState.cpp">
      <Filter>Source Files\States</Filter>
    </ClCompile>
    <ClCompile Include="FactButton.cpp">
      <Filter>Source Files\Interface</Filter>
    </ClCompile>
  </ItemGroup>
  <ItemGroup>
    <ClInclude Include="EventManager.h">
      <Filter>Header Files\Managers</Filter>
    </ClInclude>
    <ClInclude Include="LayerManager.h">
      <Filter>Header Files\Managers</Filter>
    </ClInclude>
    <ClInclude Include="ResourceManager.h">
      <Filter>Header Files\Managers</Filter>
    </ClInclude>
    <ClInclude Include="LevelManager.h">
      <Filter>Header Files\Managers</Filter>
    </ClInclude>
    <ClInclude Include="StateManager.h">
      <Filter>Header Files\Managers</Filter>
    </ClInclude>
    <ClInclude Include="WindowManager.h">
      <Filter>Header Files\Managers</Filter>
    </ClInclude>
    <ClInclude Include="Gameplay.h">
      <Filter>Header Files\States</Filter>
    </ClInclude>
    <ClInclude Include="Taktikmeny.h">
      <Filter>Header Files\States</Filter>
    </ClInclude>
    <ClInclude Include="Entity.h">
      <Filter>Header Files\Entities</Filter>
    </ClInclude>
    <ClInclude Include="Animal.h">
      <Filter>Header Files\Entities</Filter>
    </ClInclude>
    <ClInclude Include="States.h">
      <Filter>Header Files\States</Filter>
    </ClInclude>
    <ClInclude Include="StartMeny.h">
      <Filter>Header Files\States</Filter>
    </ClInclude>
    <ClInclude Include="Layer.h">
      <Filter>Header Files\Layer</Filter>
    </ClInclude>
    <ClInclude Include="StaticLayer.h">
      <Filter>Header Files\Layer</Filter>
    </ClInclude>
    <ClInclude Include="ActiveLayer.h">
      <Filter>Header Files\Layer</Filter>
    </ClInclude>
    <ClInclude Include="Obstacle.h">
      <Filter>Header Files\Entities</Filter>
    </ClInclude>
    <ClInclude Include="Event.h">
      <Filter>Header Files\Events</Filter>
    </ClInclude>
    <ClInclude Include="ExitGame.h">
      <Filter>Header Files\Events</Filter>
    </ClInclude>
    <ClInclude Include="AddMap.h">
      <Filter>Header Files\Events</Filter>
    </ClInclude>
    <ClInclude Include="WorldMap.h">
      <Filter>Header Files\States</Filter>
    </ClInclude>
    <ClInclude Include="OptionsMeny.h">
      <Filter>Header Files\States</Filter>
    </ClInclude>
    <ClInclude Include="AddOptions.h">
      <Filter>Header Files\Events</Filter>
    </ClInclude>
    <ClInclude Include="AddTaktik.h">
      <Filter>Header Files\Events</Filter>
    </ClInclude>
    <ClInclude Include="Fire.h">
      <Filter>Header Files\Entities</Filter>
    </ClInclude>
    <ClInclude Include="AddStartMeny.h">
      <Filter>Header Files\Events</Filter>
    </ClInclude>
    <ClInclude Include="AddGameplay.h">
      <Filter>Header Files\Events</Filter>
    </ClInclude>
    <ClInclude Include="PauseMeny.h">
      <Filter>Header Files\States</Filter>
    </ClInclude>
    <ClInclude Include="PopState.h">
      <Filter>Header Files\Events</Filter>
    </ClInclude>
    <ClInclude Include="AbilityButton.h">
      <Filter>Header Files\Abilites</Filter>
    </ClInclude>
    <ClInclude Include="TacticalVisionButton.h">
      <Filter>Header Files\Abilites</Filter>
    </ClInclude>
    <ClInclude Include="InnerBeastButton.h">
      <Filter>Header Files\Abilites</Filter>
    </ClInclude>
    <ClInclude Include="RemoveObstacleButton.h">
      <Filter>Header Files\Abilites</Filter>
    </ClInclude>
    <ClInclude Include="LevelFinished.h">
      <Filter>Header Files\States</Filter>
    </ClInclude>
    <ClInclude Include="AddLevelFinished.h">
      <Filter>Header Files\Events</Filter>
    </ClInclude>
    <ClInclude Include="AddPause.h">
      <Filter>Header Files\Events</Filter>
    </ClInclude>
    <ClInclude Include="AvoidMouse.h">
      <Filter>Header Files\Particles</Filter>
    </ClInclude>
    <ClInclude Include="Behavior.h">
      <Filter>Header Files\Particles</Filter>
    </ClInclude>
    <ClInclude Include="Particle.h">
      <Filter>Header Files\Particles</Filter>
    </ClInclude>
    <ClInclude Include="ParticleManager.h">
      <Filter>Header Files\Particles</Filter>
    </ClInclude>
    <ClInclude Include="ParticlePrototype.h">
      <Filter>Header Files\Particles</Filter>
    </ClInclude>
    <ClInclude Include="ParticleSystem.h">
      <Filter>Header Files\Particles</Filter>
    </ClInclude>
    <ClInclude Include="Emitter.h">
      <Filter>Header Files\Particles</Filter>
    </ClInclude>
    <ClInclude Include="TacticalVision.h">
      <Filter>Header Files\States</Filter>
    </ClInclude>
    <ClInclude Include="TacticalVisionCamera.h">
      <Filter>Header Files\Abilites</Filter>
    </ClInclude>
    <ClInclude Include="PopStateTwice.h">
      <Filter>Header Files\Events</Filter>
    </ClInclude>
    <ClInclude Include="GameOver.h">
      <Filter>Header Files\States</Filter>
    </ClInclude>
    <ClInclude Include="addGameOver.h">
      <Filter>Header Files\Events</Filter>
    </ClInclude>
    <ClInclude Include="GoBackToWorld.h">
      <Filter>Header Files\Events</Filter>
    </ClInclude>
    <ClInclude Include="InnerBeastArrow.h">
      <Filter>Header Files\Abilites</Filter>
    </ClInclude>
    <ClInclude Include="SoundManager.h">
      <Filter>Header Files\Managers</Filter>
    </ClInclude>
    <ClInclude Include="Button.h">
      <Filter>Header Files\Interface</Filter>
    </ClInclude>
    <ClInclude Include="LevelButton.h">
      <Filter>Header Files\Interface</Filter>
    </ClInclude>
    <ClInclude Include="Gui.h">
      <Filter>Header Files\Interface</Filter>
    </ClInclude>
    <ClInclude Include="Spot.h">
      <Filter>Header Files\Interface</Filter>
    </ClInclude>
    <ClInclude Include="AnimalPrototype.h">
      <Filter>Header Files\Interface</Filter>
    </ClInclude>
    <ClInclude Include="Animation.h">
      <Filter>Header Files\Misc</Filter>
    </ClInclude>
    <ClInclude Include="Camera.h">
      <Filter>Header Files\Misc</Filter>
    </ClInclude>
    <ClInclude Include="Game.h">
      <Filter>Header Files\Misc</Filter>
    </ClInclude>
    <ClInclude Include="MusicLoop.h">
      <Filter>Header Files\Misc</Filter>
    </ClInclude>
    <ClInclude Include="ScrollDetector.h">
      <Filter>Header Files\Misc</Filter>
    </ClInclude>
    <ClInclude Include="tinyxml2.h">
      <Filter>Header Files\TinyXML2</Filter>
    </ClInclude>
    <ClInclude Include="TacticMenuButton.h">
      <Filter>Header Files\Interface</Filter>
    </ClInclude>
    <ClInclude Include="FakeAbilityButton.h">
      <Filter>Header Files\Abilites</Filter>
    </ClInclude>
    <ClInclude Include="Animalipedia.h">
      <Filter>Header Files\States</Filter>
    </ClInclude>
    <ClInclude Include="AnimalipediaButton.h">
      <Filter>Header Files\Interface</Filter>
    </ClInclude>
    <ClInclude Include="Info.h">
      <Filter>Header Files\Interface</Filter>
    </ClInclude>
    <ClInclude Include="PageButton.h">
      <Filter>Header Files\Interface</Filter>
    </ClInclude>
    <ClInclude Include="Retry.h">
      <Filter>Header Files\Events</Filter>
    </ClInclude>
    <ClInclude Include="Countdown.h">
      <Filter>Header Files\States</Filter>
    </ClInclude>
    <ClInclude Include="Checkbox.h">
      <Filter>Header Files\Interface</Filter>
    </ClInclude>
    <ClInclude Include="AddAnimalipedia.h">
      <Filter>Header Files\Events</Filter>
    </ClInclude>
    <ClInclude Include="ApplyOptionsButton.h">
      <Filter>Header Files\Interface</Filter>
    </ClInclude>
    <ClInclude Include="GoBackToStartFromOptions.h">
      <Filter>Header Files\Events</Filter>
    </ClInclude>
    <ClInclude Include="StartGameFirstTime.h">
      <Filter>Header Files\Events</Filter>
    </ClInclude>
    <ClInclude Include="Cutscene.h">
      <Filter>Header Files\States</Filter>
    </ClInclude>
    <ClInclude Include="Scene.h">
      <Filter>Header Files\Misc</Filter>
    </ClInclude>
    <ClInclude Include="LevelTutorial.h">
      <Filter>Header Files\States</Filter>
    </ClInclude>
    <ClInclude Include="WorldMapTutorial.h">
      <Filter>Header Files\States</Filter>
    </ClInclude>
    <ClInclude Include="AddCutscene_1.h">
      <Filter>Header Files\Events</Filter>
    </ClInclude>
    <ClInclude Include="OptionSlider.h">
      <Filter>Header Files\Interface</Filter>
    </ClInclude>
    <ClInclude Include="GlobalButtonTimer.h">
      <Filter>Header Files\Misc</Filter>
    </ClInclude>
    <ClInclude Include="AddCutscene_2.h">
      <Filter>Header Files\Events</Filter>
    </ClInclude>
    <ClInclude Include="AddCutscene_3.h">
      <Filter>Header Files\Events</Filter>
    </ClInclude>
    <ClInclude Include="AddCutscene_4.h">
      <Filter>Header Files\Events</Filter>
    </ClInclude>
    <ClInclude Include="AchievementState.h">
      <Filter>Header Files\States</Filter>
    </ClInclude>
    <ClInclude Include="FontMaster.h">
      <Filter>Header Files\Managers</Filter>
    </ClInclude>
    <ClInclude Include="FactButton.h">
      <Filter>Header Files\Interface</Filter>
    </ClInclude>
    <ClInclude Include="StartNewGame.h">
      <Filter>Header Files\Events</Filter>
    </ClInclude>
  </ItemGroup>
</Project>